
Microsoft Visual Studio Solution File, Format Version 12.00
# Visual Studio Version 17
VisualStudioVersion = 17.5.002.0
MinimumVisualStudioVersion = 10.0.40219.1
Project("{9A19103F-16F7-4668-BE54-9A1E7A4F7556}") = "Estacionamento", "Estacionamento.csproj", "{96CA6F80-E52F-46C5-A8C0-B2266A8FBB9C}"
EndProject
Global
	GlobalSection(SolutionConfigurationPlatforms) = preSolution
		Debug|Any CPU = Debug|Any CPU
		Release|Any CPU = Release|Any CPU
	EndGlobalSection
	GlobalSection(ProjectConfigurationPlatforms) = postSolution
		{96CA6F80-E52F-46C5-A8C0-B2266A8FBB9C}.Debug|Any CPU.ActiveCfg = Debug|Any CPU
		{96CA6F80-E52F-46C5-A8C0-B2266A8FBB9C}.Debug|Any CPU.Build.0 = Debug|Any CPU
		{96CA6F80-E52F-46C5-A8C0-B2266A8FBB9C}.Release|Any CPU.ActiveCfg = Release|Any CPU
		{96CA6F80-E52F-46C5-A8C0-B2266A8FBB9C}.Release|Any CPU.Build.0 = Release|Any CPU
	EndGlobalSection
	GlobalSection(SolutionProperties) = preSolution
		HideSolutionNode = FALSE
	EndGlobalSection
	GlobalSection(ExtensibilityGlobals) = postSolution
		SolutionGuid = {1F22DF66-0FE1-4AB8-878E-3F4EBDA1F33E}
	EndGlobalSection
EndGlobal
